
Microsoft Visual Studio Solution File, Format Version 12.00
# Visual Studio Version 17
VisualStudioVersion = 17.11.35312.102
MinimumVisualStudioVersion = 10.0.40219.1
Project("{2150E333-8FDC-42A3-9474-1A3956D46DE8}") = "AdoNet", "AdoNet", "{9230F51F-0B73-427F-96BA-151B0AE1B5E8}"
EndProject
Project("{9A19103F-16F7-4668-BE54-9A1E7A4F7556}") = "Ornek1", "Ornek1\Ornek1.csproj", "{BA2632BF-704E-4366-94A3-AB725BCC8D3D}"
EndProject
Project("{9A19103F-16F7-4668-BE54-9A1E7A4F7556}") = "Ornek2", "Ornek2\Ornek2.csproj", "{9CCEE872-D179-4579-94F0-A8574FC76EAE}"
EndProject
Project("{9A19103F-16F7-4668-BE54-9A1E7A4F7556}") = "Ornek3", "Ornek3\Ornek3.csproj", "{1824424F-FA0F-49E2-BCD3-ED21B8287A8E}"
EndProject
Project("{2150E333-8FDC-42A3-9474-1A3956D46DE8}") = "EntityFrameworkcore", "EntityFrameworkcore", "{11E3CF41-EFC8-4E5B-9C59-263877CB72B6}"
EndProject
Project("{9A19103F-16F7-4668-BE54-9A1E7A4F7556}") = "App1", "App1\App1.csproj", "{9649B8D9-B77C-430D-8A79-62CC2114D66C}"
EndProject
Project("{FAE04EC0-301F-11D3-BF4B-00C04F79EFBC}") = "App2", "App2\App2.csproj", "{97EA4692-F859-4E4B-A136-623499302A44}"
EndProject
Project("{FAE04EC0-301F-11D3-BF4B-00C04F79EFBC}") = "App3", "App3\App3.csproj", "{47D5B9BF-397F-4344-A76B-560C2D2E2D33}"
EndProject
Global
	GlobalSection(SolutionConfigurationPlatforms) = preSolution
		Debug|Any CPU = Debug|Any CPU
		Release|Any CPU = Release|Any CPU
	EndGlobalSection
	GlobalSection(ProjectConfigurationPlatforms) = postSolution
		{BA2632BF-704E-4366-94A3-AB725BCC8D3D}.Debug|Any CPU.ActiveCfg = Debug|Any CPU
		{BA2632BF-704E-4366-94A3-AB725BCC8D3D}.Debug|Any CPU.Build.0 = Debug|Any CPU
		{BA2632BF-704E-4366-94A3-AB725BCC8D3D}.Release|Any CPU.ActiveCfg = Release|Any CPU
		{BA2632BF-704E-4366-94A3-AB725BCC8D3D}.Release|Any CPU.Build.0 = Release|Any CPU
		{9CCEE872-D179-4579-94F0-A8574FC76EAE}.Debug|Any CPU.ActiveCfg = Debug|Any CPU
		{9CCEE872-D179-4579-94F0-A8574FC76EAE}.Debug|Any CPU.Build.0 = Debug|Any CPU
		{9CCEE872-D179-4579-94F0-A8574FC76EAE}.Release|Any CPU.ActiveCfg = Release|Any CPU
		{9CCEE872-D179-4579-94F0-A8574FC76EAE}.Release|Any CPU.Build.0 = Release|Any CPU
		{1824424F-FA0F-49E2-BCD3-ED21B8287A8E}.Debug|Any CPU.ActiveCfg = Debug|Any CPU
		{1824424F-FA0F-49E2-BCD3-ED21B8287A8E}.Debug|Any CPU.Build.0 = Debug|Any CPU
		{1824424F-FA0F-49E2-BCD3-ED21B8287A8E}.Release|Any CPU.ActiveCfg = Release|Any CPU
		{1824424F-FA0F-49E2-BCD3-ED21B8287A8E}.Release|Any CPU.Build.0 = Release|Any CPU
		{9649B8D9-B77C-430D-8A79-62CC2114D66C}.Debug|Any CPU.ActiveCfg = Debug|Any CPU
		{9649B8D9-B77C-430D-8A79-62CC2114D66C}.Debug|Any CPU.Build.0 = Debug|Any CPU
		{9649B8D9-B77C-430D-8A79-62CC2114D66C}.Release|Any CPU.ActiveCfg = Release|Any CPU
		{9649B8D9-B77C-430D-8A79-62CC2114D66C}.Release|Any CPU.Build.0 = Release|Any CPU
		{97EA4692-F859-4E4B-A136-623499302A44}.Debug|Any CPU.ActiveCfg = Debug|Any CPU
		{97EA4692-F859-4E4B-A136-623499302A44}.Debug|Any CPU.Build.0 = Debug|Any CPU
		{97EA4692-F859-4E4B-A136-623499302A44}.Release|Any CPU.ActiveCfg = Release|Any CPU
		{97EA4692-F859-4E4B-A136-623499302A44}.Release|Any CPU.Build.0 = Release|Any CPU
		{47D5B9BF-397F-4344-A76B-560C2D2E2D33}.Debug|Any CPU.ActiveCfg = Debug|Any CPU
		{47D5B9BF-397F-4344-A76B-560C2D2E2D33}.Debug|Any CPU.Build.0 = Debug|Any CPU
		{47D5B9BF-397F-4344-A76B-560C2D2E2D33}.Release|Any CPU.ActiveCfg = Release|Any CPU
		{47D5B9BF-397F-4344-A76B-560C2D2E2D33}.Release|Any CPU.Build.0 = Release|Any CPU
	EndGlobalSection
	GlobalSection(SolutionProperties) = preSolution
		HideSolutionNode = FALSE
	EndGlobalSection
	GlobalSection(NestedProjects) = preSolution
		{BA2632BF-704E-4366-94A3-AB725BCC8D3D} = {9230F51F-0B73-427F-96BA-151B0AE1B5E8}
		{9CCEE872-D179-4579-94F0-A8574FC76EAE} = {9230F51F-0B73-427F-96BA-151B0AE1B5E8}
		{1824424F-FA0F-49E2-BCD3-ED21B8287A8E} = {9230F51F-0B73-427F-96BA-151B0AE1B5E8}
		{9649B8D9-B77C-430D-8A79-62CC2114D66C} = {11E3CF41-EFC8-4E5B-9C59-263877CB72B6}
		{97EA4692-F859-4E4B-A136-623499302A44} = {11E3CF41-EFC8-4E5B-9C59-263877CB72B6}
		{47D5B9BF-397F-4344-A76B-560C2D2E2D33} = {11E3CF41-EFC8-4E5B-9C59-263877CB72B6}
	EndGlobalSection
	GlobalSection(ExtensibilityGlobals) = postSolution
		SolutionGuid = {A9B8C4F1-96F2-4BAE-A7B3-F04647DEDD4F}
	EndGlobalSection
EndGlobal
